
Microsoft Visual Studio Solution File, Format Version 12.00
# Visual Studio Version 16
VisualStudioVersion = 16.0.29613.14
MinimumVisualStudioVersion = 10.0.40219.1
Project("{9A19103F-16F7-4668-BE54-9A1E7A4F7556}") = "TvLight", "TvLight\TvLight.csproj", "{15690F07-EDFA-4C6A-85DF-8ED1175CD7B4}"
EndProject
Global
	GlobalSection(SolutionConfigurationPlatforms) = preSolution
		Debug|Any CPU = Debug|Any CPU
		Release|Any CPU = Release|Any CPU
	EndGlobalSection
	GlobalSection(ProjectConfigurationPlatforms) = postSolution
		{15690F07-EDFA-4C6A-85DF-8ED1175CD7B4}.Debug|Any CPU.ActiveCfg = Debug|Any CPU
		{15690F07-EDFA-4C6A-85DF-8ED1175CD7B4}.Debug|Any CPU.Build.0 = Debug|Any CPU
		{15690F07-EDFA-4C6A-85DF-8ED1175CD7B4}.Release|Any CPU.ActiveCfg = Release|Any CPU
		{15690F07-EDFA-4C6A-85DF-8ED1175CD7B4}.Release|Any CPU.Build.0 = Release|Any CPU
	EndGlobalSection
	GlobalSection(SolutionProperties) = preSolution
		HideSolutionNode = FALSE
	EndGlobalSection
	GlobalSection(ExtensibilityGlobals) = postSolution
		SolutionGuid = {88F66CC4-B0F2-46A3-BBC4-4AB3DF86AF4E}
	EndGlobalSection
EndGlobal
